// !$*UTF8*$!
{
	archiveVersion = 1;
	classes = {
	};
	objectVersion = 46;
	objects = {

/* Begin PBXBuildFile section */
		3222E2BC1AF3871900A01D8C /* FbxAnimation.cpp in Sources */ = {isa = PBXBuildFile; fileRef = 3222E2BA1AF3871900A01D8C /* FbxAnimation.cpp */; };
		3230BC391AE8057F00811736 /* FbxModelSubMesh.cpp in Sources */ = {isa = PBXBuildFile; fileRef = 3230BC381AE8057F00811736 /* FbxModelSubMesh.cpp */; };
		325D3E3E1AD2815000CB6DF5 /* libfbxsdk.dylib in Frameworks */ = {isa = PBXBuildFile; fileRef = 325D3E3D1AD2815000CB6DF5 /* libfbxsdk.dylib */; };
		325D3E3F1AD2817600CB6DF5 /* libfbxsdk.dylib in CopyFiles */ = {isa = PBXBuildFile; fileRef = 325D3E3D1AD2815000CB6DF5 /* libfbxsdk.dylib */; settings = {ATTRIBUTES = (CodeSignOnCopy, ); }; };
		325D3E481AD2818E00CB6DF5 /* AnimationUtility.cxx in Sources */ = {isa = PBXBuildFile; fileRef = 325D3E411AD2818E00CB6DF5 /* AnimationUtility.cxx */; };
		325D3E491AD2818E00CB6DF5 /* Common.cxx in Sources */ = {isa = PBXBuildFile; fileRef = 325D3E441AD2818E00CB6DF5 /* Common.cxx */; };
		325D3E4A1AD2818E00CB6DF5 /* GeometryUtility.cxx in Sources */ = {isa = PBXBuildFile; fileRef = 325D3E461AD2818E00CB6DF5 /* GeometryUtility.cxx */; };
		326B718C1AB45A46006C80FA /* FileReader.cpp in Sources */ = {isa = PBXBuildFile; fileRef = 326B718A1AB45A46006C80FA /* FileReader.cpp */; };
		326B718F1AB45A6D006C80FA /* ShaderManager.cpp in Sources */ = {isa = PBXBuildFile; fileRef = 326B718D1AB45A6D006C80FA /* ShaderManager.cpp */; };
		326B71921AB45AB0006C80FA /* Shader.cpp in Sources */ = {isa = PBXBuildFile; fileRef = 326B71901AB45AB0006C80FA /* Shader.cpp */; };
		3276656B1AB576B9001541F8 /* Vector2.cpp in Sources */ = {isa = PBXBuildFile; fileRef = 327665651AB576B9001541F8 /* Vector2.cpp */; };
		3276656C1AB576B9001541F8 /* Vector3.cpp in Sources */ = {isa = PBXBuildFile; fileRef = 327665671AB576B9001541F8 /* Vector3.cpp */; };
		3276656D1AB576B9001541F8 /* Vector4.cpp in Sources */ = {isa = PBXBuildFile; fileRef = 327665691AB576B9001541F8 /* Vector4.cpp */; };
		32B7B66F1A865586004A3DE9 /* GLUT.framework in Frameworks */ = {isa = PBXBuildFile; fileRef = 32B7B66E1A865586004A3DE9 /* GLUT.framework */; };
		32B7B6711A86558B004A3DE9 /* OpenGL.framework in Frameworks */ = {isa = PBXBuildFile; fileRef = 32B7B6701A86558B004A3DE9 /* OpenGL.framework */; };
		32B7B6731A8655A3004A3DE9 /* libGLTools.a in Frameworks */ = {isa = PBXBuildFile; fileRef = 32B7B6721A8655A3004A3DE9 /* libGLTools.a */; };
		32B7B6871A86597B004A3DE9 /* GLTools.cpp in Sources */ = {isa = PBXBuildFile; fileRef = 32B7B6861A86597B004A3DE9 /* GLTools.cpp */; };
		32B9EC161AD0D99A00B06F9F /* Mesh.cpp in Sources */ = {isa = PBXBuildFile; fileRef = 32B9EC141AD0D99A00B06F9F /* Mesh.cpp */; };
		32B9EC281AD197E200B06F9F /* FbxModel.cpp in Sources */ = {isa = PBXBuildFile; fileRef = 32B9EC261AD197E200B06F9F /* FbxModel.cpp */; };
		32C423711B351E7F00855BB2 /* BetterListDefaultAllocator.cpp in Sources */ = {isa = PBXBuildFile; fileRef = 32C4236F1B351E7F00855BB2 /* BetterListDefaultAllocator.cpp */; };
		32C423771B351FCC00855BB2 /* BetterListHeapMemoryAllocator.cpp in Sources */ = {isa = PBXBuildFile; fileRef = 32C423751B351FCC00855BB2 /* BetterListHeapMemoryAllocator.cpp */; };
		32C439091B3E452400E55212 /* main_fbx_mesh_test.cpp in Sources */ = {isa = PBXBuildFile; fileRef = 32C439081B3E452400E55212 /* main_fbx_mesh_test.cpp */; };
		32C4922A1B3076860008CDAF /* TinyMemory.cpp in Sources */ = {isa = PBXBuildFile; fileRef = 32C492281B3076860008CDAF /* TinyMemory.cpp */; };
		32C492331B307BD90008CDAF /* Memory.cpp in Sources */ = {isa = PBXBuildFile; fileRef = 32C492311B307BD90008CDAF /* Memory.cpp */; };
		32C492371B307E090008CDAF /* TinyHeap.cpp in Sources */ = {isa = PBXBuildFile; fileRef = 32C492351B307E090008CDAF /* TinyHeap.cpp */; };
		32C4E3471B380D0700CA7700 /* MemoryLeakDetector.cpp in Sources */ = {isa = PBXBuildFile; fileRef = 32C4E3451B380D0700CA7700 /* MemoryLeakDetector.cpp */; };
		32D022A41B2D7509009498E5 /* FbxBone.cpp in Sources */ = {isa = PBXBuildFile; fileRef = 32D022A21B2D7509009498E5 /* FbxBone.cpp */; };
		32D022A71B2DA36C009498E5 /* FbxSkeletons.cpp in Sources */ = {isa = PBXBuildFile; fileRef = 32D022A51B2DA36C009498E5 /* FbxSkeletons.cpp */; };
		32D5C1C81AD2CA8300B4CEDC /* BetterList.cpp in Sources */ = {isa = PBXBuildFile; fileRef = 32D5C1C61AD2CA8300B4CEDC /* BetterList.cpp */; };
/* End PBXBuildFile section */

/* Begin PBXCopyFilesBuildPhase section */
		32B7B6621A86551F004A3DE9 /* CopyFiles */ = {
			isa = PBXCopyFilesBuildPhase;
			buildActionMask = 12;
			dstPath = "";
			dstSubfolderSpec = 6;
			files = (
				325D3E3F1AD2817600CB6DF5 /* libfbxsdk.dylib in CopyFiles */,
			);
			runOnlyForDeploymentPostprocessing = 0;
		};
/* End PBXCopyFilesBuildPhase section */

/* Begin PBXFileReference section */
		3222E2BA1AF3871900A01D8C /* FbxAnimation.cpp */ = {isa = PBXFileReference; fileEncoding = 4; lastKnownFileType = sourcecode.cpp.cpp; path = FbxAnimation.cpp; sourceTree = "<group>"; };
		3222E2BB1AF3871900A01D8C /* FbxAnimation.h */ = {isa = PBXFileReference; fileEncoding = 4; lastKnownFileType = sourcecode.c.h; path = FbxAnimation.h; sourceTree = "<group>"; };
		3230BC381AE8057F00811736 /* FbxModelSubMesh.cpp */ = {isa = PBXFileReference; fileEncoding = 4; lastKnownFileType = sourcecode.cpp.cpp; path = FbxModelSubMesh.cpp; sourceTree = "<group>"; };
		323E26D91AB71C9B005DDFB3 /* identity_color_texture.vsh */ = {isa = PBXFileReference; fileEncoding = 4; lastKnownFileType = sourcecode.glsl; path = identity_color_texture.vsh; sourceTree = "<group>"; };
		323E26DA1AB71D33005DDFB3 /* identity_color_texture.fsh */ = {isa = PBXFileReference; fileEncoding = 4; lastKnownFileType = sourcecode.glsl; path = identity_color_texture.fsh; sourceTree = "<group>"; };
		325D3E3D1AD2815000CB6DF5 /* libfbxsdk.dylib */ = {isa = PBXFileReference; lastKnownFileType = "compiled.mach-o.dylib"; name = libfbxsdk.dylib; path = "../../../../../Applications/Autodesk/FBX SDK/2015.1/lib/clang/debug/libfbxsdk.dylib"; sourceTree = "<group>"; };
		325D3E411AD2818E00CB6DF5 /* AnimationUtility.cxx */ = {isa = PBXFileReference; fileEncoding = 4; lastKnownFileType = sourcecode.cpp.cpp; path = AnimationUtility.cxx; sourceTree = "<group>"; };
		325D3E431AD2818E00CB6DF5 /* carb.r */ = {isa = PBXFileReference; fileEncoding = 4; lastKnownFileType = sourcecode.rez; path = carb.r; sourceTree = "<group>"; };
		325D3E441AD2818E00CB6DF5 /* Common.cxx */ = {isa = PBXFileReference; fileEncoding = 4; lastKnownFileType = sourcecode.cpp.cpp; path = Common.cxx; sourceTree = "<group>"; };
		325D3E461AD2818E00CB6DF5 /* GeometryUtility.cxx */ = {isa = PBXFileReference; fileEncoding = 4; lastKnownFileType = sourcecode.cpp.cpp; path = GeometryUtility.cxx; sourceTree = "<group>"; };
		326B718A1AB45A46006C80FA /* FileReader.cpp */ = {isa = PBXFileReference; fileEncoding = 4; lastKnownFileType = sourcecode.cpp.cpp; path = FileReader.cpp; sourceTree = "<group>"; };
		326B718B1AB45A46006C80FA /* FileReader.h */ = {isa = PBXFileReference; fileEncoding = 4; lastKnownFileType = sourcecode.c.h; path = FileReader.h; sourceTree = "<group>"; };
		326B718D1AB45A6D006C80FA /* ShaderManager.cpp */ = {isa = PBXFileReference; fileEncoding = 4; lastKnownFileType = sourcecode.cpp.cpp; path = ShaderManager.cpp; sourceTree = "<group>"; };
		326B718E1AB45A6D006C80FA /* ShaderManager.h */ = {isa = PBXFileReference; fileEncoding = 4; lastKnownFileType = sourcecode.c.h; path = ShaderManager.h; sourceTree = "<group>"; };
		326B71901AB45AB0006C80FA /* Shader.cpp */ = {isa = PBXFileReference; fileEncoding = 4; lastKnownFileType = sourcecode.cpp.cpp; path = Shader.cpp; sourceTree = "<group>"; };
		326B71911AB45AB0006C80FA /* Shader.h */ = {isa = PBXFileReference; fileEncoding = 4; lastKnownFileType = sourcecode.c.h; path = Shader.h; sourceTree = "<group>"; };
		326B71961AB45CD1006C80FA /* util.h */ = {isa = PBXFileReference; lastKnownFileType = sourcecode.c.h; path = util.h; sourceTree = "<group>"; };
		326B71971AB46089006C80FA /* glHeader.h */ = {isa = PBXFileReference; lastKnownFileType = sourcecode.c.h; path = glHeader.h; sourceTree = "<group>"; };
		327665611AB55250001541F8 /* AttributeBindingLocation.h */ = {isa = PBXFileReference; lastKnownFileType = sourcecode.c.h; path = AttributeBindingLocation.h; sourceTree = "<group>"; };
		327665621AB55FC7001541F8 /* ShaderType.h */ = {isa = PBXFileReference; fileEncoding = 4; lastKnownFileType = sourcecode.c.h; path = ShaderType.h; sourceTree = "<group>"; };
		327665631AB566E0001541F8 /* identity.vsh */ = {isa = PBXFileReference; fileEncoding = 4; lastKnownFileType = sourcecode.glsl; path = identity.vsh; sourceTree = "<group>"; };
		327665641AB56F70001541F8 /* identity.fsh */ = {isa = PBXFileReference; fileEncoding = 4; lastKnownFileType = sourcecode.glsl; path = identity.fsh; sourceTree = "<group>"; };
		327665651AB576B9001541F8 /* Vector2.cpp */ = {isa = PBXFileReference; fileEncoding = 4; lastKnownFileType = sourcecode.cpp.cpp; path = Vector2.cpp; sourceTree = "<group>"; };
		327665661AB576B9001541F8 /* Vector2.h */ = {isa = PBXFileReference; fileEncoding = 4; lastKnownFileType = sourcecode.c.h; path = Vector2.h; sourceTree = "<group>"; };
		327665671AB576B9001541F8 /* Vector3.cpp */ = {isa = PBXFileReference; fileEncoding = 4; lastKnownFileType = sourcecode.cpp.cpp; path = Vector3.cpp; sourceTree = "<group>"; };
		327665681AB576B9001541F8 /* Vector3.h */ = {isa = PBXFileReference; fileEncoding = 4; lastKnownFileType = sourcecode.c.h; path = Vector3.h; sourceTree = "<group>"; };
		327665691AB576B9001541F8 /* Vector4.cpp */ = {isa = PBXFileReference; fileEncoding = 4; lastKnownFileType = sourcecode.cpp.cpp; path = Vector4.cpp; sourceTree = "<group>"; };
		3276656A1AB576B9001541F8 /* Vector4.h */ = {isa = PBXFileReference; fileEncoding = 4; lastKnownFileType = sourcecode.c.h; path = Vector4.h; sourceTree = "<group>"; };
		3276656E1AB59FE5001541F8 /* identity_color.vsh */ = {isa = PBXFileReference; fileEncoding = 4; lastKnownFileType = sourcecode.glsl; path = identity_color.vsh; sourceTree = "<group>"; };
		3276656F1AB5A23E001541F8 /* identity_color.fsh */ = {isa = PBXFileReference; fileEncoding = 4; lastKnownFileType = sourcecode.glsl; path = identity_color.fsh; sourceTree = "<group>"; };
		32A9E02B1AF5D13D00A9715B /* MeshRenderType.h */ = {isa = PBXFileReference; lastKnownFileType = sourcecode.c.h; path = MeshRenderType.h; sourceTree = "<group>"; };
		32A9E02E1AF629E700A9715B /* mvp_color.vsh */ = {isa = PBXFileReference; fileEncoding = 4; lastKnownFileType = sourcecode.glsl; path = mvp_color.vsh; sourceTree = "<group>"; };
		32A9E02F1AF62A5500A9715B /* mvp_color.fsh */ = {isa = PBXFileReference; fileEncoding = 4; lastKnownFileType = sourcecode.glsl; path = mvp_color.fsh; sourceTree = "<group>"; };
		32B7B6641A86551F004A3DE9 /* FbxMesh */ = {isa = PBXFileReference; explicitFileType = "compiled.mach-o.executable"; includeInIndex = 0; path = FbxMesh; sourceTree = BUILT_PRODUCTS_DIR; };
		32B7B66E1A865586004A3DE9 /* GLUT.framework */ = {isa = PBXFileReference; lastKnownFileType = wrapper.framework; name = GLUT.framework; path = System/Library/Frameworks/GLUT.framework; sourceTree = SDKROOT; };
		32B7B6701A86558B004A3DE9 /* OpenGL.framework */ = {isa = PBXFileReference; lastKnownFileType = wrapper.framework; name = OpenGL.framework; path = System/Library/Frameworks/OpenGL.framework; sourceTree = SDKROOT; };
		32B7B6721A8655A3004A3DE9 /* libGLTools.a */ = {isa = PBXFileReference; lastKnownFileType = archive.ar; name = libGLTools.a; path = ../../../tutorial/OpenglSuperBible5/trunk/XCode/GLTools/libGLTools.a; sourceTree = "<group>"; };
		32B7B6861A86597B004A3DE9 /* GLTools.cpp */ = {isa = PBXFileReference; fileEncoding = 4; lastKnownFileType = sourcecode.cpp.cpp; name = GLTools.cpp; path = ../../../../tutorial/OpenglBlueBook5/Src/GLTools/src/GLTools.cpp; sourceTree = "<group>"; };
		32B9EC141AD0D99A00B06F9F /* Mesh.cpp */ = {isa = PBXFileReference; fileEncoding = 4; lastKnownFileType = sourcecode.cpp.cpp; path = Mesh.cpp; sourceTree = "<group>"; };
		32B9EC151AD0D99A00B06F9F /* Mesh.h */ = {isa = PBXFileReference; fileEncoding = 4; lastKnownFileType = sourcecode.c.h; path = Mesh.h; sourceTree = "<group>"; };
		32B9EC181AD1045A00B06F9F /* identity_texture.vsh */ = {isa = PBXFileReference; fileEncoding = 4; lastKnownFileType = sourcecode.glsl; path = identity_texture.vsh; sourceTree = "<group>"; };
		32B9EC191AD1048000B06F9F /* identity_texture.fsh */ = {isa = PBXFileReference; fileEncoding = 4; lastKnownFileType = sourcecode.glsl; path = identity_texture.fsh; sourceTree = "<group>"; };
		32B9EC241AD159C300B06F9F /* mvp_texture_diffuse.vsh */ = {isa = PBXFileReference; fileEncoding = 4; lastKnownFileType = sourcecode.glsl; path = mvp_texture_diffuse.vsh; sourceTree = "<group>"; };
		32B9EC251AD159D800B06F9F /* mvp_texture_diffuse.fsh */ = {isa = PBXFileReference; fileEncoding = 4; lastKnownFileType = sourcecode.glsl; path = mvp_texture_diffuse.fsh; sourceTree = "<group>"; };
		32B9EC261AD197E200B06F9F /* FbxModel.cpp */ = {isa = PBXFileReference; fileEncoding = 4; lastKnownFileType = sourcecode.cpp.cpp; path = FbxModel.cpp; sourceTree = "<group>"; };
		32B9EC271AD197E200B06F9F /* FbxModel.h */ = {isa = PBXFileReference; fileEncoding = 4; lastKnownFileType = sourcecode.c.h; path = FbxModel.h; sourceTree = "<group>"; };
		32C23C451B31CAAC006827E4 /* BetterListAllocator.h */ = {isa = PBXFileReference; fileEncoding = 4; lastKnownFileType = sourcecode.c.h; path = BetterListAllocator.h; sourceTree = "<group>"; };
		32C4236F1B351E7F00855BB2 /* BetterListDefaultAllocator.cpp */ = {isa = PBXFileReference; fileEncoding = 4; lastKnownFileType = sourcecode.cpp.cpp; path = BetterListDefaultAllocator.cpp; sourceTree = "<group>"; };
		32C423701B351E7F00855BB2 /* BetterListDefaultAllocator.h */ = {isa = PBXFileReference; fileEncoding = 4; lastKnownFileType = sourcecode.c.h; path = BetterListDefaultAllocator.h; sourceTree = "<group>"; };
		32C423751B351FCC00855BB2 /* BetterListHeapMemoryAllocator.cpp */ = {isa = PBXFileReference; fileEncoding = 4; lastKnownFileType = sourcecode.cpp.cpp; path = BetterListHeapMemoryAllocator.cpp; sourceTree = "<group>"; };
		32C423761B351FCC00855BB2 /* BetterListHeapMemoryAllocator.h */ = {isa = PBXFileReference; fileEncoding = 4; lastKnownFileType = sourcecode.c.h; path = BetterListHeapMemoryAllocator.h; sourceTree = "<group>"; };
		32C439081B3E452400E55212 /* main_fbx_mesh_test.cpp */ = {isa = PBXFileReference; fileEncoding = 4; lastKnownFileType = sourcecode.cpp.cpp; path = main_fbx_mesh_test.cpp; sourceTree = "<group>"; };
		32C492281B3076860008CDAF /* TinyMemory.cpp */ = {isa = PBXFileReference; fileEncoding = 4; lastKnownFileType = sourcecode.cpp.cpp; path = TinyMemory.cpp; sourceTree = "<group>"; };
		32C492291B3076860008CDAF /* TinyMemory.h */ = {isa = PBXFileReference; fileEncoding = 4; lastKnownFileType = sourcecode.c.h; path = TinyMemory.h; sourceTree = "<group>"; };
		32C492311B307BD90008CDAF /* Memory.cpp */ = {isa = PBXFileReference; fileEncoding = 4; lastKnownFileType = sourcecode.cpp.cpp; path = Memory.cpp; sourceTree = "<group>"; };
		32C492321B307BD90008CDAF /* Memory.h */ = {isa = PBXFileReference; fileEncoding = 4; lastKnownFileType = sourcecode.c.h; path = Memory.h; sourceTree = "<group>"; };
		32C492341B307C4A0008CDAF /* Heap.h */ = {isa = PBXFileReference; lastKnownFileType = sourcecode.c.h; path = Heap.h; sourceTree = "<group>"; };
		32C492351B307E090008CDAF /* TinyHeap.cpp */ = {isa = PBXFileReference; fileEncoding = 4; lastKnownFileType = sourcecode.cpp.cpp; path = TinyHeap.cpp; sourceTree = "<group>"; };
		32C492361B307E090008CDAF /* TinyHeap.h */ = {isa = PBXFileReference; fileEncoding = 4; lastKnownFileType = sourcecode.c.h; path = TinyHeap.h; sourceTree = "<group>"; };
		32C4E3451B380D0700CA7700 /* MemoryLeakDetector.cpp */ = {isa = PBXFileReference; fileEncoding = 4; lastKnownFileType = sourcecode.cpp.cpp; path = MemoryLeakDetector.cpp; sourceTree = "<group>"; };
		32C4E3461B380D0700CA7700 /* MemoryLeakDetector.h */ = {isa = PBXFileReference; fileEncoding = 4; lastKnownFileType = sourcecode.c.h; path = MemoryLeakDetector.h; sourceTree = "<group>"; };
		32D022A21B2D7509009498E5 /* FbxBone.cpp */ = {isa = PBXFileReference; fileEncoding = 4; lastKnownFileType = sourcecode.cpp.cpp; path = FbxBone.cpp; sourceTree = "<group>"; };
		32D022A31B2D7509009498E5 /* FbxBone.h */ = {isa = PBXFileReference; fileEncoding = 4; lastKnownFileType = sourcecode.c.h; path = FbxBone.h; sourceTree = "<group>"; };
		32D022A51B2DA36C009498E5 /* FbxSkeletons.cpp */ = {isa = PBXFileReference; fileEncoding = 4; lastKnownFileType = sourcecode.cpp.cpp; path = FbxSkeletons.cpp; sourceTree = "<group>"; };
		32D022A61B2DA36C009498E5 /* FbxSkeletons.h */ = {isa = PBXFileReference; fileEncoding = 4; lastKnownFileType = sourcecode.c.h; path = FbxSkeletons.h; sourceTree = "<group>"; };
		32D5C1C41AD2B4E300B4CEDC /* FbxModelSubMesh.h */ = {isa = PBXFileReference; fileEncoding = 4; lastKnownFileType = sourcecode.c.h; path = FbxModelSubMesh.h; sourceTree = "<group>"; };
		32D5C1C61AD2CA8300B4CEDC /* BetterList.cpp */ = {isa = PBXFileReference; fileEncoding = 4; lastKnownFileType = sourcecode.cpp.cpp; path = BetterList.cpp; sourceTree = "<group>"; };
		32D5C1C71AD2CA8300B4CEDC /* BetterList.h */ = {isa = PBXFileReference; fileEncoding = 4; lastKnownFileType = sourcecode.c.h; path = BetterList.h; sourceTree = "<group>"; };
/* End PBXFileReference section */

/* Begin PBXFrameworksBuildPhase section */
		32B7B6611A86551F004A3DE9 /* Frameworks */ = {
			isa = PBXFrameworksBuildPhase;
			buildActionMask = 2147483647;
			files = (
				325D3E3E1AD2815000CB6DF5 /* libfbxsdk.dylib in Frameworks */,
				32B7B6731A8655A3004A3DE9 /* libGLTools.a in Frameworks */,
				32B7B6711A86558B004A3DE9 /* OpenGL.framework in Frameworks */,
				32B7B66F1A865586004A3DE9 /* GLUT.framework in Frameworks */,
			);
			runOnlyForDeploymentPostprocessing = 0;
		};
/* End PBXFrameworksBuildPhase section */

/* Begin PBXGroup section */
		325D3E401AD2818E00CB6DF5 /* Common */ = {
			isa = PBXGroup;
			children = (
				325D3E411AD2818E00CB6DF5 /* AnimationUtility.cxx */,
				325D3E431AD2818E00CB6DF5 /* carb.r */,
				325D3E441AD2818E00CB6DF5 /* Common.cxx */,
				325D3E461AD2818E00CB6DF5 /* GeometryUtility.cxx */,
			);
			name = Common;
			path = "../../../../../Applications/Autodesk/FBX SDK/2015.1/samples/Common";
			sourceTree = "<group>";
		};
		32B7B65B1A86551E004A3DE9 = {
			isa = PBXGroup;
			children = (
				325D3E401AD2818E00CB6DF5 /* Common */,
				325D3E3D1AD2815000CB6DF5 /* libfbxsdk.dylib */,
				32B7B6721A8655A3004A3DE9 /* libGLTools.a */,
				32B7B6701A86558B004A3DE9 /* OpenGL.framework */,
				32B7B66E1A865586004A3DE9 /* GLUT.framework */,
				32B7B6661A86551F004A3DE9 /* Base */,
				32B7B6651A86551F004A3DE9 /* Products */,
			);
			sourceTree = "<group>";
		};
		32B7B6651A86551F004A3DE9 /* Products */ = {
			isa = PBXGroup;
			children = (
				32B7B6641A86551F004A3DE9 /* FbxMesh */,
			);
			name = Products;
			sourceTree = "<group>";
		};
		32B7B6661A86551F004A3DE9 /* Base */ = {
			isa = PBXGroup;
			children = (
				32C439081B3E452400E55212 /* main_fbx_mesh_test.cpp */,
				32C4E3451B380D0700CA7700 /* MemoryLeakDetector.cpp */,
				32C4E3461B380D0700CA7700 /* MemoryLeakDetector.h */,
				32C492281B3076860008CDAF /* TinyMemory.cpp */,
				32C492291B3076860008CDAF /* TinyMemory.h */,
				32C492311B307BD90008CDAF /* Memory.cpp */,
				32C492321B307BD90008CDAF /* Memory.h */,
				32C492341B307C4A0008CDAF /* Heap.h */,
				32C492351B307E090008CDAF /* TinyHeap.cpp */,
				32C492361B307E090008CDAF /* TinyHeap.h */,
				327665651AB576B9001541F8 /* Vector2.cpp */,
				327665661AB576B9001541F8 /* Vector2.h */,
				327665671AB576B9001541F8 /* Vector3.cpp */,
				327665681AB576B9001541F8 /* Vector3.h */,
				327665691AB576B9001541F8 /* Vector4.cpp */,
				3276656A1AB576B9001541F8 /* Vector4.h */,
				326B718A1AB45A46006C80FA /* FileReader.cpp */,
				326B718B1AB45A46006C80FA /* FileReader.h */,
				32B7B6861A86597B004A3DE9 /* GLTools.cpp */,
				327665621AB55FC7001541F8 /* ShaderType.h */,
				326B718D1AB45A6D006C80FA /* ShaderManager.cpp */,
				326B718E1AB45A6D006C80FA /* ShaderManager.h */,
				326B71901AB45AB0006C80FA /* Shader.cpp */,
				326B71911AB45AB0006C80FA /* Shader.h */,
				326B71961AB45CD1006C80FA /* util.h */,
				326B71971AB46089006C80FA /* glHeader.h */,
				327665611AB55250001541F8 /* AttributeBindingLocation.h */,
				327665631AB566E0001541F8 /* identity.vsh */,
				327665641AB56F70001541F8 /* identity.fsh */,
				3276656E1AB59FE5001541F8 /* identity_color.vsh */,
				3276656F1AB5A23E001541F8 /* identity_color.fsh */,
				323E26D91AB71C9B005DDFB3 /* identity_color_texture.vsh */,
				32B9EC181AD1045A00B06F9F /* identity_texture.vsh */,
				323E26DA1AB71D33005DDFB3 /* identity_color_texture.fsh */,
				32B9EC191AD1048000B06F9F /* identity_texture.fsh */,
				32B9EC241AD159C300B06F9F /* mvp_texture_diffuse.vsh */,
				32A9E02E1AF629E700A9715B /* mvp_color.vsh */,
				32B9EC251AD159D800B06F9F /* mvp_texture_diffuse.fsh */,
				32A9E02F1AF62A5500A9715B /* mvp_color.fsh */,
				32B9EC141AD0D99A00B06F9F /* Mesh.cpp */,
				32B9EC151AD0D99A00B06F9F /* Mesh.h */,
				32A9E02B1AF5D13D00A9715B /* MeshRenderType.h */,
				32B9EC261AD197E200B06F9F /* FbxModel.cpp */,
				32B9EC271AD197E200B06F9F /* FbxModel.h */,
				32D5C1C41AD2B4E300B4CEDC /* FbxModelSubMesh.h */,
				3230BC381AE8057F00811736 /* FbxModelSubMesh.cpp */,
				32D5C1C61AD2CA8300B4CEDC /* BetterList.cpp */,
				32D5C1C71AD2CA8300B4CEDC /* BetterList.h */,
				32C23C451B31CAAC006827E4 /* BetterListAllocator.h */,
				32C4236F1B351E7F00855BB2 /* BetterListDefaultAllocator.cpp */,
				32C423701B351E7F00855BB2 /* BetterListDefaultAllocator.h */,
				32C423751B351FCC00855BB2 /* BetterListHeapMemoryAllocator.cpp */,
				32C423761B351FCC00855BB2 /* BetterListHeapMemoryAllocator.h */,
				3222E2BA1AF3871900A01D8C /* FbxAnimation.cpp */,
				3222E2BB1AF3871900A01D8C /* FbxAnimation.h */,
				32D022A21B2D7509009498E5 /* FbxBone.cpp */,
				32D022A31B2D7509009498E5 /* FbxBone.h */,
				32D022A51B2DA36C009498E5 /* FbxSkeletons.cpp */,
				32D022A61B2DA36C009498E5 /* FbxSkeletons.h */,
			);
			path = Base;
			sourceTree = "<group>";
		};
/* End PBXGroup section */

/* Begin PBXNativeTarget section */
		32B7B6631A86551F004A3DE9 /* FbxMesh */ = {
			isa = PBXNativeTarget;
			buildConfigurationList = 32B7B66B1A86551F004A3DE9 /* Build configuration list for PBXNativeTarget "FbxMesh" */;
			buildPhases = (
				32B7B6601A86551F004A3DE9 /* Sources */,
				32B7B6611A86551F004A3DE9 /* Frameworks */,
				32B7B6621A86551F004A3DE9 /* CopyFiles */,
			);
			buildRules = (
			);
			dependencies = (
			);
			name = FbxMesh;
			productName = Base;
			productReference = 32B7B6641A86551F004A3DE9 /* FbxMesh */;
			productType = "com.apple.product-type.tool";
		};
/* End PBXNativeTarget section */

/* Begin PBXProject section */
		32B7B65C1A86551E004A3DE9 /* Project object */ = {
			isa = PBXProject;
			attributes = {
				LastUpgradeCheck = 0610;
				ORGANIZATIONNAME = JimCheng;
				TargetAttributes = {
					32B7B6631A86551F004A3DE9 = {
						CreatedOnToolsVersion = 6.1;
					};
				};
			};
			buildConfigurationList = 32B7B65F1A86551E004A3DE9 /* Build configuration list for PBXProject "FbxMesh" */;
			compatibilityVersion = "Xcode 3.2";
			developmentRegion = English;
			hasScannedForEncodings = 0;
			knownRegions = (
				en,
			);
			mainGroup = 32B7B65B1A86551E004A3DE9;
			productRefGroup = 32B7B6651A86551F004A3DE9 /* Products */;
			projectDirPath = "";
			projectRoot = "";
			targets = (
				32B7B6631A86551F004A3DE9 /* FbxMesh */,
			);
		};
/* End PBXProject section */

/* Begin PBXSourcesBuildPhase section */
		32B7B6601A86551F004A3DE9 /* Sources */ = {
			isa = PBXSourcesBuildPhase;
			buildActionMask = 2147483647;
			files = (
				32C423711B351E7F00855BB2 /* BetterListDefaultAllocator.cpp in Sources */,
				32B9EC161AD0D99A00B06F9F /* Mesh.cpp in Sources */,
				3222E2BC1AF3871900A01D8C /* FbxAnimation.cpp in Sources */,
				32B9EC281AD197E200B06F9F /* FbxModel.cpp in Sources */,
				32C492331B307BD90008CDAF /* Memory.cpp in Sources */,
				326B718F1AB45A6D006C80FA /* ShaderManager.cpp in Sources */,
				32C439091B3E452400E55212 /* main_fbx_mesh_test.cpp in Sources */,
				32D022A41B2D7509009498E5 /* FbxBone.cpp in Sources */,
				32C4922A1B3076860008CDAF /* TinyMemory.cpp in Sources */,
				3276656B1AB576B9001541F8 /* Vector2.cpp in Sources */,
				325D3E481AD2818E00CB6DF5 /* AnimationUtility.cxx in Sources */,
				325D3E4A1AD2818E00CB6DF5 /* GeometryUtility.cxx in Sources */,
				32B7B6871A86597B004A3DE9 /* GLTools.cpp in Sources */,
				3276656D1AB576B9001541F8 /* Vector4.cpp in Sources */,
				326B718C1AB45A46006C80FA /* FileReader.cpp in Sources */,
				32C4E3471B380D0700CA7700 /* MemoryLeakDetector.cpp in Sources */,
				32C492371B307E090008CDAF /* TinyHeap.cpp in Sources */,
				32D5C1C81AD2CA8300B4CEDC /* BetterList.cpp in Sources */,
				32C423771B351FCC00855BB2 /* BetterListHeapMemoryAllocator.cpp in Sources */,
				32D022A71B2DA36C009498E5 /* FbxSkeletons.cpp in Sources */,
				325D3E491AD2818E00CB6DF5 /* Common.cxx in Sources */,
				3276656C1AB576B9001541F8 /* Vector3.cpp in Sources */,
				326B71921AB45AB0006C80FA /* Shader.cpp in Sources */,
				3230BC391AE8057F00811736 /* FbxModelSubMesh.cpp in Sources */,
			);
			runOnlyForDeploymentPostprocessing = 0;
		};
/* End PBXSourcesBuildPhase section */

/* Begin XCBuildConfiguration section */
		32B7B6691A86551F004A3DE9 /* Debug */ = {
			isa = XCBuildConfiguration;
			buildSettings = {
				ALWAYS_SEARCH_USER_PATHS = NO;
				CLANG_CXX_LANGUAGE_STANDARD = "gnu++0x";
				CLANG_CXX_LIBRARY = "libc++";
				CLANG_ENABLE_MODULES = YES;
				CLANG_ENABLE_OBJC_ARC = YES;
				CLANG_WARN_BOOL_CONVERSION = YES;
				CLANG_WARN_CONSTANT_CONVERSION = YES;
				CLANG_WARN_DIRECT_OBJC_ISA_USAGE = YES_ERROR;
				CLANG_WARN_EMPTY_BODY = YES;
				CLANG_WARN_ENUM_CONVERSION = YES;
				CLANG_WARN_INT_CONVERSION = YES;
				CLANG_WARN_OBJC_ROOT_CLASS = YES_ERROR;
				CLANG_WARN_UNREACHABLE_CODE = YES;
				CLANG_WARN__DUPLICATE_METHOD_MATCH = YES;
				COPY_PHASE_STRIP = NO;
				ENABLE_STRICT_OBJC_MSGSEND = YES;
				GCC_C_LANGUAGE_STANDARD = gnu99;
				GCC_DYNAMIC_NO_PIC = NO;
				GCC_OPTIMIZATION_LEVEL = 0;
				GCC_PREPROCESSOR_DEFINITIONS = (
					"DEBUG=1",
					"$(inherited)",
				);
				GCC_SYMBOLS_PRIVATE_EXTERN = NO;
				GCC_WARN_64_TO_32_BIT_CONVERSION = YES;
				GCC_WARN_ABOUT_RETURN_TYPE = YES_ERROR;
				GCC_WARN_UNDECLARED_SELECTOR = YES;
				GCC_WARN_UNINITIALIZED_AUTOS = YES_AGGRESSIVE;
				GCC_WARN_UNUSED_FUNCTION = YES;
				GCC_WARN_UNUSED_VARIABLE = YES;
				MACOSX_DEPLOYMENT_TARGET = 10.10;
				MTL_ENABLE_DEBUG_INFO = YES;
				ONLY_ACTIVE_ARCH = YES;
				SDKROOT = macosx;
			};
			name = Debug;
		};
		32B7B66A1A86551F004A3DE9 /* Release */ = {
			isa = XCBuildConfiguration;
			buildSettings = {
				ALWAYS_SEARCH_USER_PATHS = NO;
				CLANG_CXX_LANGUAGE_STANDARD = "gnu++0x";
				CLANG_CXX_LIBRARY = "libc++";
				CLANG_ENABLE_MODULES = YES;
				CLANG_ENABLE_OBJC_ARC = YES;
				CLANG_WARN_BOOL_CONVERSION = YES;
				CLANG_WARN_CONSTANT_CONVERSION = YES;
				CLANG_WARN_DIRECT_OBJC_ISA_USAGE = YES_ERROR;
				CLANG_WARN_EMPTY_BODY = YES;
				CLANG_WARN_ENUM_CONVERSION = YES;
				CLANG_WARN_INT_CONVERSION = YES;
				CLANG_WARN_OBJC_ROOT_CLASS = YES_ERROR;
				CLANG_WARN_UNREACHABLE_CODE = YES;
				CLANG_WARN__DUPLICATE_METHOD_MATCH = YES;
				COPY_PHASE_STRIP = YES;
				DEBUG_INFORMATION_FORMAT = "dwarf-with-dsym";
				ENABLE_NS_ASSERTIONS = NO;
				ENABLE_STRICT_OBJC_MSGSEND = YES;
				GCC_C_LANGUAGE_STANDARD = gnu99;
				GCC_WARN_64_TO_32_BIT_CONVERSION = YES;
				GCC_WARN_ABOUT_RETURN_TYPE = YES_ERROR;
				GCC_WARN_UNDECLARED_SELECTOR = YES;
				GCC_WARN_UNINITIALIZED_AUTOS = YES_AGGRESSIVE;
				GCC_WARN_UNUSED_FUNCTION = YES;
				GCC_WARN_UNUSED_VARIABLE = YES;
				MACOSX_DEPLOYMENT_TARGET = 10.10;
				MTL_ENABLE_DEBUG_INFO = NO;
				SDKROOT = macosx;
			};
			name = Release;
		};
		32B7B66C1A86551F004A3DE9 /* Debug */ = {
			isa = XCBuildConfiguration;
			buildSettings = {
				HEADER_SEARCH_PATHS = (
					"$(inherited)",
					"/Applications/Xcode\\ 2.app/Contents/Developer/Toolchains/XcodeDefault.xctoolchain/usr/include",
					"/Users/jimCheng/tutorial/OpenglBlueBook5/Src/GLTools/include/**",
					"/Applications/Autodesk/FBX\\ SDK/2015.1/include",
					"/Applications/Autodesk/FBX\\ SDK/2015.1/samples/Common",
				);
				LIBRARY_SEARCH_PATHS = (
					"$(inherited)",
					/Users/jimCheng/tutorial/OpenglSuperBible5/trunk/XCode/GLTools,
					/Applications/Autodesk/FBX,
					SDK/2015.1/lib/clang/debug,
					"$(SYSTEM_APPS_DIR)/Autodesk/FBX",
					SDK/2015.1/lib/clang/debug,
				);
				PRODUCT_NAME = FbxMesh;
			};
			name = Debug;
		};
		32B7B66D1A86551F004A3DE9 /* Release */ = {
			isa = XCBuildConfiguration;
			buildSettings = {
				HEADER_SEARCH_PATHS = (
					"$(inherited)",
					"/Applications/Xcode\\ 2.app/Contents/Developer/Toolchains/XcodeDefault.xctoolchain/usr/include",
					"/Users/jimCheng/tutorial/OpenglBlueBook5/Src/GLTools/include/**",
					"/Applications/Autodesk/FBX\\ SDK/2015.1/include",
					"/Applications/Autodesk/FBX\\ SDK/2015.1/samples/Common",
				);
				LIBRARY_SEARCH_PATHS = (
					"$(inherited)",
					/Users/jimCheng/tutorial/OpenglSuperBible5/trunk/XCode/GLTools,
					/Applications/Autodesk/FBX,
					SDK/2015.1/lib/clang/debug,
					"$(SYSTEM_APPS_DIR)/Autodesk/FBX",
					SDK/2015.1/lib/clang/debug,
				);
				PRODUCT_NAME = FbxMesh;
			};
			name = Release;
		};
/* End XCBuildConfiguration section */

/* Begin XCConfigurationList section */
		32B7B65F1A86551E004A3DE9 /* Build configuration list for PBXProject "FbxMesh" */ = {
			isa = XCConfigurationList;
			buildConfigurations = (
				32B7B6691A86551F004A3DE9 /* Debug */,
				32B7B66A1A86551F004A3DE9 /* Release */,
			);
			defaultConfigurationIsVisible = 0;
			defaultConfigurationName = Release;
		};
		32B7B66B1A86551F004A3DE9 /* Build configuration list for PBXNativeTarget "FbxMesh" */ = {
			isa = XCConfigurationList;
			buildConfigurations = (
				32B7B66C1A86551F004A3DE9 /* Debug */,
				32B7B66D1A86551F004A3DE9 /* Release */,
			);
			defaultConfigurationIsVisible = 0;
			defaultConfigurationName = Release;
		};
/* End XCConfigurationList section */
	};
	rootObject = 32B7B65C1A86551E004A3DE9 /* Project object */;
}
